
Microsoft Visual Studio Solution File, Format Version 12.00
# Visual Studio Version 17
VisualStudioVersion = 17.8.34511.84
MinimumVisualStudioVersion = 10.0.40219.1
Project("{FAE04EC0-301F-11D3-BF4B-00C04F79EFBC}") = "EpiDHL", "EpiDHL.csproj", "{EAE96593-B6F4-4C5A-8378-D8B3124850A1}"
EndProject
Global
	GlobalSection(SolutionConfigurationPlatforms) = preSolution
		Debug|Any CPU = Debug|Any CPU
		Release|Any CPU = Release|Any CPU
	EndGlobalSection
	GlobalSection(ProjectConfigurationPlatforms) = postSolution
		{EAE96593-B6F4-4C5A-8378-D8B3124850A1}.Debug|Any CPU.ActiveCfg = Debug|Any CPU
		{EAE96593-B6F4-4C5A-8378-D8B3124850A1}.Debug|Any CPU.Build.0 = Debug|Any CPU
		{EAE96593-B6F4-4C5A-8378-D8B3124850A1}.Release|Any CPU.ActiveCfg = Release|Any CPU
		{EAE96593-B6F4-4C5A-8378-D8B3124850A1}.Release|Any CPU.Build.0 = Release|Any CPU
	EndGlobalSection
	GlobalSection(SolutionProperties) = preSolution
		HideSolutionNode = FALSE
	EndGlobalSection
	GlobalSection(ExtensibilityGlobals) = postSolution
		SolutionGuid = {E71D55BF-0095-4EB6-86A7-957E2D174CE4}
	EndGlobalSection
EndGlobal
